
Microsoft Visual Studio Solution File, Format Version 12.00
# Visual Studio Version 17
VisualStudioVersion = 17.14.36109.1 d17.14
MinimumVisualStudioVersion = 10.0.40219.1
Project("{FAE04EC0-301F-11D3-BF4B-00C04F79EFBC}") = "cloudqa", "cloudqa.csproj", "{29B09B4E-7530-43A9-91CE-B347210A089F}"
EndProject
Global
	GlobalSection(SolutionConfigurationPlatforms) = preSolution
		Debug|Any CPU = Debug|Any CPU
		Release|Any CPU = Release|Any CPU
	EndGlobalSection
	GlobalSection(ProjectConfigurationPlatforms) = postSolution
		{29B09B4E-7530-43A9-91CE-B347210A089F}.Debug|Any CPU.ActiveCfg = Debug|Any CPU
		{29B09B4E-7530-43A9-91CE-B347210A089F}.Debug|Any CPU.Build.0 = Debug|Any CPU
		{29B09B4E-7530-43A9-91CE-B347210A089F}.Release|Any CPU.ActiveCfg = Release|Any CPU
		{29B09B4E-7530-43A9-91CE-B347210A089F}.Release|Any CPU.Build.0 = Release|Any CPU
	EndGlobalSection
	GlobalSection(SolutionProperties) = preSolution
		HideSolutionNode = FALSE
	EndGlobalSection
	GlobalSection(ExtensibilityGlobals) = postSolution
		SolutionGuid = {DF99CB10-BE07-4A34-946A-507953EF1430}
	EndGlobalSection
EndGlobal
